# Generated by move; do not edit
# This file should be checked in.

[move]
version = 4

[pinned.testnet.MoveStdlib]
source = { git = "https://github.com/MystenLabs/sui.git", subdir = "crates/sui-framework/packages/move-stdlib", rev = "2a0becb2fcc6989e492981104af67f62f2c9511a" }
use_environment = "testnet"
manifest_digest = "C4FE4C91DE74CBF223B2E380AE40F592177D21870DC2D7EB6227D2D694E05363"
deps = {}

[pinned.testnet.Sui]
source = { git = "https://github.com/MystenLabs/sui.git", subdir = "crates/sui-framework/packages/sui-framework", rev = "2a0becb2fcc6989e492981104af67f62f2c9511a" }
use_environment = "testnet"
manifest_digest = "7AFB66695545775FBFBB2D3078ADFD084244D5002392E837FDE21D9EA1C6D01C"
deps = { MoveStdlib = "MoveStdlib" }

[pinned.testnet.ccip]
source = { git = "https://github.com/smartcontractkit/chainlink-sui.git", subdir = "contracts/ccip/ccip", rev = "362c4a40869592dfed9c8039f9e688cf867d9e4b" }
use_environment = "testnet"
manifest_digest = "E5912E2FA12F49E878734EC73B1CAC461C88F1562C6C02B940082B986AE865FE"
deps = { fast_mcms = "mcms", mcms = "mcms_1", std = "MoveStdlib", sui = "Sui" }

[pinned.testnet.ccip_onramp]
source = { git = "https://github.com/smartcontractkit/chainlink-sui.git", subdir = "contracts/ccip/ccip_onramp", rev = "362c4a40869592dfed9c8039f9e688cf867d9e4b" }
use_environment = "testnet"
manifest_digest = "ADA634B6916B069A30B224CF502B33E2A145FAD215D9E0425F0A850C8887A42E"
deps = { ccip = "ccip", mcms = "mcms_1", std = "MoveStdlib", sui = "Sui" }

[pinned.testnet.endpoint_ccip]
source = { root = true }
use_environment = "testnet"
manifest_digest = "7E343B6CDB2C4D10CA5EA6E9673E4E091BEB99B46908D2C9B17E0E5E686C2A30"
deps = { ccip = "ccip", ccip_onramp = "ccip_onramp", options_core = "options_core", std = "MoveStdlib", sui = "Sui", vault_v2 = "vault_v2" }

[pinned.testnet.mcms]
source = { git = "https://github.com/smartcontractkit/chainlink-sui.git", subdir = "contracts/mcms/fast_mcms", rev = "362c4a40869592dfed9c8039f9e688cf867d9e4b" }
use_environment = "testnet"
manifest_digest = "5745706258F61D6CE210904B3E6AE87A73CE9D31A6F93BE4718C442529332A87"
deps = { std = "MoveStdlib", sui = "Sui" }

[pinned.testnet.mcms_1]
source = { git = "https://github.com/smartcontractkit/chainlink-sui.git", subdir = "contracts/mcms/mcms", rev = "362c4a40869592dfed9c8039f9e688cf867d9e4b" }
use_environment = "testnet"
manifest_digest = "5745706258F61D6CE210904B3E6AE87A73CE9D31A6F93BE4718C442529332A87"
deps = { std = "MoveStdlib", sui = "Sui" }

[pinned.testnet.options_core]
source = { local = "../core" }
use_environment = "testnet"
manifest_digest = "1DF9C5CAF9F13F77ECAC184E03B479F99FB5FBB218F3973C652B67ED095B6AA9"
deps = { std = "MoveStdlib", sui = "Sui", whitelist = "whitelist" }

[pinned.testnet.vault_v2]
source = { local = "../trading-vault-v2" }
use_environment = "testnet"
manifest_digest = "13941CD9F2F270FD528D82A4B324C920D176EDA6CC9F420078F88C6FA344E501"
deps = { options_core = "options_core", std = "MoveStdlib", sui = "Sui", whitelist = "whitelist" }

[pinned.testnet.whitelist]
source = { local = "../whitelist" }
use_environment = "testnet"
manifest_digest = "5745706258F61D6CE210904B3E6AE87A73CE9D31A6F93BE4718C442529332A87"
deps = { std = "MoveStdlib", sui = "Sui" }
