# Generated by move; do not edit
# This file should be checked in.

[move]
version = 4

[pinned.testnet.MoveStdlib]
source = { git = "https://github.com/MystenLabs/sui.git", subdir = "crates/sui-framework/packages/move-stdlib", rev = "b9149cbf0b2cb9ae5ed830407a9b48c7ae3fd36c" }
use_environment = "testnet"
manifest_digest = "C4FE4C91DE74CBF223B2E380AE40F592177D21870DC2D7EB6227D2D694E05363"
deps = {}

[pinned.testnet.MoveStdlib_1]
source = { git = "https://github.com/MystenLabs/sui.git", subdir = "crates/sui-framework/packages/move-stdlib", rev = "041c5f2bae2fe52079e44b70514333532d69f4e6" }
use_environment = "testnet"
manifest_digest = "C4FE4C91DE74CBF223B2E380AE40F592177D21870DC2D7EB6227D2D694E05363"
deps = {}

[pinned.testnet.PythProCompatible]
source = { git = "https://github.com/pyth-network/pyth-crosschain.git", subdir = "target_chains/sui/contracts", rev = "6c78a4d882daf4d91457ad5142cb58fc7e376f98" }
use_environment = "testnet"
manifest_digest = "AEAC3FAD5DCF925755E55B4498F4CED3B564F87B638049EF0A7C4E9F2EA7E9EC"
deps = { Sui = "Sui_1", WormholeSimpleMajority = "WormholeSimpleMajority" }

[pinned.testnet.Sui]
source = { git = "https://github.com/MystenLabs/sui.git", subdir = "crates/sui-framework/packages/sui-framework", rev = "b9149cbf0b2cb9ae5ed830407a9b48c7ae3fd36c" }
use_environment = "testnet"
manifest_digest = "7AFB66695545775FBFBB2D3078ADFD084244D5002392E837FDE21D9EA1C6D01C"
deps = { MoveStdlib = "MoveStdlib" }

[pinned.testnet.Sui_1]
source = { git = "https://github.com/MystenLabs/sui.git", subdir = "crates/sui-framework/packages/sui-framework", rev = "041c5f2bae2fe52079e44b70514333532d69f4e6" }
use_environment = "testnet"
manifest_digest = "7AFB66695545775FBFBB2D3078ADFD084244D5002392E837FDE21D9EA1C6D01C"
deps = { MoveStdlib = "MoveStdlib_1" }

[pinned.testnet.WormholeSimpleMajority]
source = { git = "https://github.com/pyth-network/pyth-crosschain.git", subdir = "target_chains/sui/vendor/wormhole_simple_majority/wormhole", rev = "6c78a4d882daf4d91457ad5142cb58fc7e376f98" }
use_environment = "testnet"
manifest_digest = "6996F1AB8CD448FFBA142C085C488FE8A46B485E61E38A1891EFA52B30D9C12E"
deps = { Sui = "Sui_1" }

[pinned.testnet.options_core]
source = { local = "../core" }
use_environment = "testnet"
manifest_digest = "1DF9C5CAF9F13F77ECAC184E03B479F99FB5FBB218F3973C652B67ED095B6AA9"
deps = { std = "MoveStdlib", sui = "Sui", whitelist = "whitelist" }

[pinned.testnet.oracle_pyth]
source = { root = true }
use_environment = "testnet"
manifest_digest = "D3ACE8F25DA7C8E573C8B5BB901AECEF633C9F6B11A9B097821772D3D2FE97E4"
deps = { options_core = "options_core", pyth = "PythProCompatible", std = "MoveStdlib", sui = "Sui", vault_v2 = "vault_v2" }

[pinned.testnet.vault_v2]
source = { local = "../trading-vault-v2" }
use_environment = "testnet"
manifest_digest = "13941CD9F2F270FD528D82A4B324C920D176EDA6CC9F420078F88C6FA344E501"
deps = { options_core = "options_core", std = "MoveStdlib", sui = "Sui", whitelist = "whitelist" }

[pinned.testnet.whitelist]
source = { local = "../whitelist" }
use_environment = "testnet"
manifest_digest = "5745706258F61D6CE210904B3E6AE87A73CE9D31A6F93BE4718C442529332A87"
deps = { std = "MoveStdlib", sui = "Sui" }
